// !$*UTF8*$!
{
	archiveVersion = 1;
	classes = {
	};
	objectVersion = 56;
	objects = {

/* Begin PBXBuildFile section */
		5EFF089A2FA8817A006FE828 /* DiaryListView.swift in Sources */ = {isa = PBXBuildFile; fileRef = 5EFF08992FA8817A006FE828 /* DiaryListView.swift */; };
		5EFF089C2FA88189006FE828 /* MonthlySummaryView.swift in Sources */ = {isa = PBXBuildFile; fileRef = 5EFF089B2FA88189006FE828 /* MonthlySummaryView.swift */; };
		5EFF089E2FAF708E006FE828 /* AppSettings.swift in Sources */ = {isa = PBXBuildFile; fileRef = 5EFF089D2FAF708E006FE828 /* AppSettings.swift */; };
		5EFF08A02FAF70A3006FE828 /* SettingsView.swift in Sources */ = {isa = PBXBuildFile; fileRef = 5EFF089F2FAF70A3006FE828 /* SettingsView.swift */; };
		A1B2C3D4E5F6A1B2C3D40101 /* SoberDiaryApp.swift in Sources */ = {isa = PBXBuildFile; fileRef = A1B2C3D4E5F6A1B2C3D40001 /* SoberDiaryApp.swift */; };
		A1B2C3D4E5F6A1B2C3D40102 /* DrinkRecord.swift in Sources */ = {isa = PBXBuildFile; fileRef = A1B2C3D4E5F6A1B2C3D40002 /* DrinkRecord.swift */; };
		A1B2C3D4E5F6A1B2C3D40103 /* CalendarViewModel.swift in Sources */ = {isa = PBXBuildFile; fileRef = A1B2C3D4E5F6A1B2C3D40003 /* CalendarViewModel.swift */; };
		A1B2C3D4E5F6A1B2C3D40104 /* ContentView.swift in Sources */ = {isa = PBXBuildFile; fileRef = A1B2C3D4E5F6A1B2C3D40004 /* ContentView.swift */; };
		A1B2C3D4E5F6A1B2C3D40105 /* CalendarView.swift in Sources */ = {isa = PBXBuildFile; fileRef = A1B2C3D4E5F6A1B2C3D40005 /* CalendarView.swift */; };
		A1B2C3D4E5F6A1B2C3D40106 /* DayDetailView.swift in Sources */ = {isa = PBXBuildFile; fileRef = A1B2C3D4E5F6A1B2C3D40006 /* DayDetailView.swift */; };
		A1B2C3D4E5F6A1B2C3D40107 /* DayCell.swift in Sources */ = {isa = PBXBuildFile; fileRef = A1B2C3D4E5F6A1B2C3D40007 /* DayCell.swift */; };
		A1B2C3D4E5F6A1B2C3D40108 /* DrinkTypeChip.swift in Sources */ = {isa = PBXBuildFile; fileRef = A1B2C3D4E5F6A1B2C3D40008 /* DrinkTypeChip.swift */; };
		A1B2C3D4E5F6A1B2C3D40109 /* Assets.xcassets in Resources */ = {isa = PBXBuildFile; fileRef = A1B2C3D4E5F6A1B2C3D40009 /* Assets.xcassets */; };
		A1B2C3D4E5F6A1B2C3D4010A /* Preview Assets.xcassets in Resources */ = {isa = PBXBuildFile; fileRef = A1B2C3D4E5F6A1B2C3D4000A /* Preview Assets.xcassets */; };
/* End PBXBuildFile section */

/* Begin PBXFileReference section */
		5EFF08992FA8817A006FE828 /* DiaryListView.swift */ = {isa = PBXFileReference; lastKnownFileType = sourcecode.swift; path = DiaryListView.swift; sourceTree = "<group>"; };
		5EFF089B2FA88189006FE828 /* MonthlySummaryView.swift */ = {isa = PBXFileReference; lastKnownFileType = sourcecode.swift; path = MonthlySummaryView.swift; sourceTree = "<group>"; };
		5EFF089D2FAF708E006FE828 /* AppSettings.swift */ = {isa = PBXFileReference; lastKnownFileType = sourcecode.swift; path = AppSettings.swift; sourceTree = "<group>"; };
		5EFF089F2FAF70A3006FE828 /* SettingsView.swift */ = {isa = PBXFileReference; lastKnownFileType = sourcecode.swift; path = SettingsView.swift; sourceTree = "<group>"; };
		A1B2C3D4E5F6A1B2C3D40001 /* SoberDiaryApp.swift */ = {isa = PBXFileReference; lastKnownFileType = sourcecode.swift; path = SoberDiaryApp.swift; sourceTree = "<group>"; };
		A1B2C3D4E5F6A1B2C3D40002 /* DrinkRecord.swift */ = {isa = PBXFileReference; lastKnownFileType = sourcecode.swift; path = DrinkRecord.swift; sourceTree = "<group>"; };
		A1B2C3D4E5F6A1B2C3D40003 /* CalendarViewModel.swift */ = {isa = PBXFileReference; lastKnownFileType = sourcecode.swift; path = CalendarViewModel.swift; sourceTree = "<group>"; };
		A1B2C3D4E5F6A1B2C3D40004 /* ContentView.swift */ = {isa = PBXFileReference; lastKnownFileType = sourcecode.swift; path = ContentView.swift; sourceTree = "<group>"; };
		A1B2C3D4E5F6A1B2C3D40005 /* CalendarView.swift */ = {isa = PBXFileReference; lastKnownFileType = sourcecode.swift; path = CalendarView.swift; sourceTree = "<group>"; };
		A1B2C3D4E5F6A1B2C3D40006 /* DayDetailView.swift */ = {isa = PBXFileReference; lastKnownFileType = sourcecode.swift; path = DayDetailView.swift; sourceTree = "<group>"; };
		A1B2C3D4E5F6A1B2C3D40007 /* DayCell.swift */ = {isa = PBXFileReference; lastKnownFileType = sourcecode.swift; path = DayCell.swift; sourceTree = "<group>"; };
		A1B2C3D4E5F6A1B2C3D40008 /* DrinkTypeChip.swift */ = {isa = PBXFileReference; lastKnownFileType = sourcecode.swift; path = DrinkTypeChip.swift; sourceTree = "<group>"; };
		A1B2C3D4E5F6A1B2C3D40009 /* Assets.xcassets */ = {isa = PBXFileReference; lastKnownFileType = folder.assetcatalog; path = Assets.xcassets; sourceTree = "<group>"; };
		A1B2C3D4E5F6A1B2C3D4000A /* Preview Assets.xcassets */ = {isa = PBXFileReference; lastKnownFileType = folder.assetcatalog; path = "Preview Assets.xcassets"; sourceTree = "<group>"; };
		A1B2C3D4E5F6A1B2C3D4000B /* SoberDiary.app */ = {isa = PBXFileReference; explicitFileType = wrapper.application; includeInIndex = 0; path = SoberDiary.app; sourceTree = BUILT_PRODUCTS_DIR; };
/* End PBXFileReference section */

/* Begin PBXFrameworksBuildPhase section */
		A1B2C3D4E5F6A1B2C3D40302 /* Frameworks */ = {
			isa = PBXFrameworksBuildPhase;
			buildActionMask = 2147483647;
			files = (
			);
			runOnlyForDeploymentPostprocessing = 0;
		};
/* End PBXFrameworksBuildPhase section */

/* Begin PBXGroup section */
		A1B2C3D4E5F6A1B2C3D40200 = {
			isa = PBXGroup;
			children = (
				A1B2C3D4E5F6A1B2C3D40201 /* SoberDiary */,
				A1B2C3D4E5F6A1B2C3D40208 /* Products */,
			);
			sourceTree = "<group>";
		};
		A1B2C3D4E5F6A1B2C3D40201 /* SoberDiary */ = {
			isa = PBXGroup;
			children = (
				A1B2C3D4E5F6A1B2C3D40001 /* SoberDiaryApp.swift */,
				A1B2C3D4E5F6A1B2C3D40202 /* Models */,
				A1B2C3D4E5F6A1B2C3D40203 /* ViewModels */,
				A1B2C3D4E5F6A1B2C3D40204 /* Views */,
				A1B2C3D4E5F6A1B2C3D40206 /* Resources */,
				A1B2C3D4E5F6A1B2C3D40207 /* Preview Content */,
			);
			path = SoberDiary;
			sourceTree = "<group>";
		};
		A1B2C3D4E5F6A1B2C3D40202 /* Models */ = {
			isa = PBXGroup;
			children = (
				A1B2C3D4E5F6A1B2C3D40002 /* DrinkRecord.swift */,
				5EFF089D2FAF708E006FE828 /* AppSettings.swift */,
			);
			path = Models;
			sourceTree = "<group>";
		};
		A1B2C3D4E5F6A1B2C3D40203 /* ViewModels */ = {
			isa = PBXGroup;
			children = (
				A1B2C3D4E5F6A1B2C3D40003 /* CalendarViewModel.swift */,
			);
			path = ViewModels;
			sourceTree = "<group>";
		};
		A1B2C3D4E5F6A1B2C3D40204 /* Views */ = {
			isa = PBXGroup;
			children = (
				A1B2C3D4E5F6A1B2C3D40004 /* ContentView.swift */,
				A1B2C3D4E5F6A1B2C3D40005 /* CalendarView.swift */,
				A1B2C3D4E5F6A1B2C3D40006 /* DayDetailView.swift */,
				A1B2C3D4E5F6A1B2C3D40205 /* Components */,
				5EFF08992FA8817A006FE828 /* DiaryListView.swift */,
				5EFF089B2FA88189006FE828 /* MonthlySummaryView.swift */,
				5EFF089F2FAF70A3006FE828 /* SettingsView.swift */,
			);
			path = Views;
			sourceTree = "<group>";
		};
		A1B2C3D4E5F6A1B2C3D40205 /* Components */ = {
			isa = PBXGroup;
			children = (
				A1B2C3D4E5F6A1B2C3D40007 /* DayCell.swift */,
				A1B2C3D4E5F6A1B2C3D40008 /* DrinkTypeChip.swift */,
			);
			path = Components;
			sourceTree = "<group>";
		};
		A1B2C3D4E5F6A1B2C3D40206 /* Resources */ = {
			isa = PBXGroup;
			children = (
				A1B2C3D4E5F6A1B2C3D40009 /* Assets.xcassets */,
			);
			path = Resources;
			sourceTree = "<group>";
		};
		A1B2C3D4E5F6A1B2C3D40207 /* Preview Content */ = {
			isa = PBXGroup;
			children = (
				A1B2C3D4E5F6A1B2C3D4000A /* Preview Assets.xcassets */,
			);
			path = "Preview Content";
			sourceTree = "<group>";
		};
		A1B2C3D4E5F6A1B2C3D40208 /* Products */ = {
			isa = PBXGroup;
			children = (
				A1B2C3D4E5F6A1B2C3D4000B /* SoberDiary.app */,
			);
			name = Products;
			sourceTree = "<group>";
		};
/* End PBXGroup section */

/* Begin PBXNativeTarget section */
		A1B2C3D4E5F6A1B2C3D40500 /* SoberDiary */ = {
			isa = PBXNativeTarget;
			buildConfigurationList = A1B2C3D4E5F6A1B2C3D40702 /* Build configuration list for PBXNativeTarget "SoberDiary" */;
			buildPhases = (
				A1B2C3D4E5F6A1B2C3D40301 /* Sources */,
				A1B2C3D4E5F6A1B2C3D40302 /* Frameworks */,
				A1B2C3D4E5F6A1B2C3D40303 /* Resources */,
			);
			buildRules = (
			);
			dependencies = (
			);
			name = SoberDiary;
			productName = SoberDiary;
			productReference = A1B2C3D4E5F6A1B2C3D4000B /* SoberDiary.app */;
			productType = "com.apple.product-type.application";
		};
/* End PBXNativeTarget section */

/* Begin PBXProject section */
		A1B2C3D4E5F6A1B2C3D40400 /* Project object */ = {
			isa = PBXProject;
			attributes = {
				BuildIndependentTargetsInParallel = 1;
				LastSwiftUpdateCheck = 1500;
				LastUpgradeCheck = 1500;
				TargetAttributes = {
					A1B2C3D4E5F6A1B2C3D40500 = {
						CreatedOnToolsVersion = 15.0;
					};
				};
			};
			buildConfigurationList = A1B2C3D4E5F6A1B2C3D40701 /* Build configuration list for PBXProject "SoberDiary" */;
			compatibilityVersion = "Xcode 14.0";
			developmentRegion = en;
			hasScannedForEncodings = 0;
			knownRegions = (
				en,
				Base,
				ko,
			);
			mainGroup = A1B2C3D4E5F6A1B2C3D40200;
			productRefGroup = A1B2C3D4E5F6A1B2C3D40208 /* Products */;
			projectDirPath = "";
			projectRoot = "";
			targets = (
				A1B2C3D4E5F6A1B2C3D40500 /* SoberDiary */,
			);
		};
/* End PBXProject section */

/* Begin PBXResourcesBuildPhase section */
		A1B2C3D4E5F6A1B2C3D40303 /* Resources */ = {
			isa = PBXResourcesBuildPhase;
			buildActionMask = 2147483647;
			files = (
				A1B2C3D4E5F6A1B2C3D4010A /* Preview Assets.xcassets in Resources */,
				A1B2C3D4E5F6A1B2C3D40109 /* Assets.xcassets in Resources */,
			);
			runOnlyForDeploymentPostprocessing = 0;
		};
/* End PBXResourcesBuildPhase section */

/* Begin PBXSourcesBuildPhase section */
		A1B2C3D4E5F6A1B2C3D40301 /* Sources */ = {
			isa = PBXSourcesBuildPhase;
			buildActionMask = 2147483647;
			files = (
				A1B2C3D4E5F6A1B2C3D40102 /* DrinkRecord.swift in Sources */,
				5EFF089A2FA8817A006FE828 /* DiaryListView.swift in Sources */,
				A1B2C3D4E5F6A1B2C3D40103 /* CalendarViewModel.swift in Sources */,
				A1B2C3D4E5F6A1B2C3D40104 /* ContentView.swift in Sources */,
				A1B2C3D4E5F6A1B2C3D40105 /* CalendarView.swift in Sources */,
				5EFF089C2FA88189006FE828 /* MonthlySummaryView.swift in Sources */,
				A1B2C3D4E5F6A1B2C3D40106 /* DayDetailView.swift in Sources */,
				5EFF089E2FAF708E006FE828 /* AppSettings.swift in Sources */,
				A1B2C3D4E5F6A1B2C3D40107 /* DayCell.swift in Sources */,
				5EFF08A02FAF70A3006FE828 /* SettingsView.swift in Sources */,
				A1B2C3D4E5F6A1B2C3D40108 /* DrinkTypeChip.swift in Sources */,
				A1B2C3D4E5F6A1B2C3D40101 /* SoberDiaryApp.swift in Sources */,
			);
			runOnlyForDeploymentPostprocessing = 0;
		};
/* End PBXSourcesBuildPhase section */

/* Begin XCBuildConfiguration section */
		A1B2C3D4E5F6A1B2C3D40601 /* Debug */ = {
			isa = XCBuildConfiguration;
			buildSettings = {
				ALWAYS_SEARCH_USER_PATHS = NO;
				ASSETCATALOG_COMPILER_GENERATE_SWIFT_ASSET_SYMBOL_EXTENSIONS = YES;
				CLANG_ANALYZER_NONNULL = YES;
				CLANG_ANALYZER_NUMBER_OBJECT_CONVERSION = YES_AGGRESSIVE;
				CLANG_CXX_LANGUAGE_STANDARD = "gnu++20";
				CLANG_ENABLE_MODULES = YES;
				CLANG_ENABLE_OBJC_ARC = YES;
				CLANG_ENABLE_OBJC_WEAK = YES;
				CLANG_WARN_BLOCK_CAPTURE_AUTORELEASING = YES;
				CLANG_WARN_BOOL_CONVERSION = YES;
				CLANG_WARN_COMMA = YES;
				CLANG_WARN_CONSTANT_CONVERSION = YES;
				CLANG_WARN_DEPRECATED_OBJC_IMPLEMENTATIONS = YES;
				CLANG_WARN_DIRECT_OBJC_ISA_USAGE = YES_ERROR;
				CLANG_WARN_DOCUMENTATION_COMMENTS = YES;
				CLANG_WARN_EMPTY_BODY = YES;
				CLANG_WARN_ENUM_CONVERSION = YES;
				CLANG_WARN_INFINITE_RECURSION = YES;
				CLANG_WARN_INT_CONVERSION = YES;
				CLANG_WARN_NON_LITERAL_NULL_CONVERSION = YES;
				CLANG_WARN_OBJC_IMPLICIT_RETAIN_SELF = YES;
				CLANG_WARN_OBJC_LITERAL_CONVERSION = YES;
				CLANG_WARN_OBJC_ROOT_CLASS = YES_ERROR;
				CLANG_WARN_QUOTED_INCLUDE_IN_FRAMEWORK_HEADER = YES;
				CLANG_WARN_RANGE_LOOP_ANALYSIS = YES;
				CLANG_WARN_STRICT_PROTOTYPES = YES;
				CLANG_WARN_SUSPICIOUS_MOVE = YES;
				CLANG_WARN_UNGUARDED_AVAILABILITY = YES_AGGRESSIVE;
				CLANG_WARN_UNREACHABLE_CODE = YES;
				CLANG_WARN__DUPLICATE_METHOD_MATCH = YES;
				COPY_PHASE_STRIP = NO;
				DEBUG_INFORMATION_FORMAT = dwarf;
				ENABLE_STRICT_OBJC_MSGSEND = YES;
				ENABLE_TESTABILITY = YES;
				ENABLE_USER_SCRIPT_SANDBOXING = YES;
				GCC_C_LANGUAGE_STANDARD = gnu17;
				GCC_DYNAMIC_NO_PIC = NO;
				GCC_NO_COMMON_BLOCKS = YES;
				GCC_OPTIMIZATION_LEVEL = 0;
				GCC_PREPROCESSOR_DEFINITIONS = (
					"DEBUG=1",
					"$(inherited)",
				);
				GCC_WARN_64_TO_32_BIT_CONVERSION = YES;
				GCC_WARN_ABOUT_RETURN_TYPE = YES_ERROR;
				GCC_WARN_UNDECLARED_SELECTOR = YES;
				GCC_WARN_UNINITIALIZED_AUTOS = YES_AGGRESSIVE;
				GCC_WARN_UNUSED_FUNCTION = YES;
				GCC_WARN_UNUSED_VARIABLE = YES;
				IPHONEOS_DEPLOYMENT_TARGET = 17.0;
				LOCALIZATION_PREFERS_STRING_CATALOGS = YES;
				MTL_ENABLE_DEBUG_INFO = INCLUDE_SOURCE;
				MTL_FAST_MATH = YES;
				ONLY_ACTIVE_ARCH = YES;
				SDKROOT = iphoneos;
				SWIFT_ACTIVE_COMPILATION_CONDITIONS = "DEBUG $(inherited)";
				SWIFT_OPTIMIZATION_LEVEL = "-Onone";
			};
			name = Debug;
		};
		A1B2C3D4E5F6A1B2C3D40602 /* Release */ = {
			isa = XCBuildConfiguration;
			buildSettings = {
				ALWAYS_SEARCH_USER_PATHS = NO;
				ASSETCATALOG_COMPILER_GENERATE_SWIFT_ASSET_SYMBOL_EXTENSIONS = YES;
				CLANG_ANALYZER_NONNULL = YES;
				CLANG_ANALYZER_NUMBER_OBJECT_CONVERSION = YES_AGGRESSIVE;
				CLANG_CXX_LANGUAGE_STANDARD = "gnu++20";
				CLANG_ENABLE_MODULES = YES;
				CLANG_ENABLE_OBJC_ARC = YES;
				CLANG_ENABLE_OBJC_WEAK = YES;
				CLANG_WARN_BLOCK_CAPTURE_AUTORELEASING = YES;
				CLANG_WARN_BOOL_CONVERSION = YES;
				CLANG_WARN_COMMA = YES;
				CLANG_WARN_CONSTANT_CONVERSION = YES;
				CLANG_WARN_DEPRECATED_OBJC_IMPLEMENTATIONS = YES;
				CLANG_WARN_DIRECT_OBJC_ISA_USAGE = YES_ERROR;
				CLANG_WARN_DOCUMENTATION_COMMENTS = YES;
				CLANG_WARN_EMPTY_BODY = YES;
				CLANG_WARN_ENUM_CONVERSION = YES;
				CLANG_WARN_INFINITE_RECURSION = YES;
				CLANG_WARN_INT_CONVERSION = YES;
				CLANG_WARN_NON_LITERAL_NULL_CONVERSION = YES;
				CLANG_WARN_OBJC_IMPLICIT_RETAIN_SELF = YES;
				CLANG_WARN_OBJC_LITERAL_CONVERSION = YES;
				CLANG_WARN_OBJC_ROOT_CLASS = YES_ERROR;
				CLANG_WARN_QUOTED_INCLUDE_IN_FRAMEWORK_HEADER = YES;
				CLANG_WARN_RANGE_LOOP_ANALYSIS = YES;
				CLANG_WARN_STRICT_PROTOTYPES = YES;
				CLANG_WARN_SUSPICIOUS_MOVE = YES;
				CLANG_WARN_UNGUARDED_AVAILABILITY = YES_AGGRESSIVE;
				CLANG_WARN_UNREACHABLE_CODE = YES;
				CLANG_WARN__DUPLICATE_METHOD_MATCH = YES;
				COPY_PHASE_STRIP = NO;
				DEBUG_INFORMATION_FORMAT = "dwarf-with-dsym";
				ENABLE_NS_ASSERTIONS = NO;
				ENABLE_STRICT_OBJC_MSGSEND = YES;
				ENABLE_USER_SCRIPT_SANDBOXING = YES;
				GCC_C_LANGUAGE_STANDARD = gnu17;
				GCC_NO_COMMON_BLOCKS = YES;
				GCC_WARN_64_TO_32_BIT_CONVERSION = YES;
				GCC_WARN_ABOUT_RETURN_TYPE = YES_ERROR;
				GCC_WARN_UNDECLARED_SELECTOR = YES;
				GCC_WARN_UNINITIALIZED_AUTOS = YES_AGGRESSIVE;
				GCC_WARN_UNUSED_FUNCTION = YES;
				GCC_WARN_UNUSED_VARIABLE = YES;
				IPHONEOS_DEPLOYMENT_TARGET = 17.0;
				LOCALIZATION_PREFERS_STRING_CATALOGS = YES;
				MTL_ENABLE_DEBUG_INFO = NO;
				MTL_FAST_MATH = YES;
				SDKROOT = iphoneos;
				SWIFT_COMPILATION_MODE = wholemodule;
				VALIDATE_PRODUCT = YES;
			};
			name = Release;
		};
		A1B2C3D4E5F6A1B2C3D40603 /* Debug */ = {
			isa = XCBuildConfiguration;
			buildSettings = {
				ASSETCATALOG_COMPILER_APPICON_NAME = AppIcon;
				ASSETCATALOG_COMPILER_GLOBAL_ACCENT_COLOR_NAME = AccentColor;
				CODE_SIGN_STYLE = Automatic;
				CURRENT_PROJECT_VERSION = 1;
				DEVELOPMENT_ASSET_PATHS = "\"SoberDiary/Preview Content\"";
				DEVELOPMENT_TEAM = 45MLK2JJ3X;
				ENABLE_PREVIEWS = YES;
				GENERATE_INFOPLIST_FILE = YES;
				INFOPLIST_KEY_CFBundleDisplayName = "금주일기";
				INFOPLIST_KEY_UIApplicationSceneManifest_Generation = YES;
				INFOPLIST_KEY_UIApplicationSupportsIndirectInputEvents = YES;
				INFOPLIST_KEY_UILaunchScreen_Generation = YES;
				INFOPLIST_KEY_UISupportedInterfaceOrientations_iPad = "UIInterfaceOrientationPortrait UIInterfaceOrientationPortraitUpsideDown UIInterfaceOrientationLandscapeLeft UIInterfaceOrientationLandscapeRight";
				INFOPLIST_KEY_UISupportedInterfaceOrientations_iPhone = "UIInterfaceOrientationPortrait UIInterfaceOrientationLandscapeLeft UIInterfaceOrientationLandscapeRight";
				LD_RUNPATH_SEARCH_PATHS = (
					"$(inherited)",
					"@executable_path/Frameworks",
				);
				MARKETING_VERSION = 1.0;
				PRODUCT_BUNDLE_IDENTIFIER = com.hoyeon.SoberDiary;
				PRODUCT_NAME = "$(TARGET_NAME)";
				SWIFT_EMIT_LOC_STRINGS = YES;
				SWIFT_VERSION = 5.0;
				TARGETED_DEVICE_FAMILY = "1,2";
			};
			name = Debug;
		};
		A1B2C3D4E5F6A1B2C3D40604 /* Release */ = {
			isa = XCBuildConfiguration;
			buildSettings = {
				ASSETCATALOG_COMPILER_APPICON_NAME = AppIcon;
				ASSETCATALOG_COMPILER_GLOBAL_ACCENT_COLOR_NAME = AccentColor;
				CODE_SIGN_STYLE = Automatic;
				CURRENT_PROJECT_VERSION = 1;
				DEVELOPMENT_ASSET_PATHS = "\"SoberDiary/Preview Content\"";
				DEVELOPMENT_TEAM = 45MLK2JJ3X;
				ENABLE_PREVIEWS = YES;
				GENERATE_INFOPLIST_FILE = YES;
				INFOPLIST_KEY_CFBundleDisplayName = "금주일기";
				INFOPLIST_KEY_UIApplicationSceneManifest_Generation = YES;
				INFOPLIST_KEY_UIApplicationSupportsIndirectInputEvents = YES;
				INFOPLIST_KEY_UILaunchScreen_Generation = YES;
				INFOPLIST_KEY_UISupportedInterfaceOrientations_iPad = "UIInterfaceOrientationPortrait UIInterfaceOrientationPortraitUpsideDown UIInterfaceOrientationLandscapeLeft UIInterfaceOrientationLandscapeRight";
				INFOPLIST_KEY_UISupportedInterfaceOrientations_iPhone = "UIInterfaceOrientationPortrait UIInterfaceOrientationLandscapeLeft UIInterfaceOrientationLandscapeRight";
				LD_RUNPATH_SEARCH_PATHS = (
					"$(inherited)",
					"@executable_path/Frameworks",
				);
				MARKETING_VERSION = 1.0;
				PRODUCT_BUNDLE_IDENTIFIER = com.hoyeon.SoberDiary;
				PRODUCT_NAME = "$(TARGET_NAME)";
				SWIFT_EMIT_LOC_STRINGS = YES;
				SWIFT_VERSION = 5.0;
				TARGETED_DEVICE_FAMILY = "1,2";
			};
			name = Release;
		};
/* End XCBuildConfiguration section */

/* Begin XCConfigurationList section */
		A1B2C3D4E5F6A1B2C3D40701 /* Build configuration list for PBXProject "SoberDiary" */ = {
			isa = XCConfigurationList;
			buildConfigurations = (
				A1B2C3D4E5F6A1B2C3D40601 /* Debug */,
				A1B2C3D4E5F6A1B2C3D40602 /* Release */,
			);
			defaultConfigurationIsVisible = 0;
			defaultConfigurationName = Release;
		};
		A1B2C3D4E5F6A1B2C3D40702 /* Build configuration list for PBXNativeTarget "SoberDiary" */ = {
			isa = XCConfigurationList;
			buildConfigurations = (
				A1B2C3D4E5F6A1B2C3D40603 /* Debug */,
				A1B2C3D4E5F6A1B2C3D40604 /* Release */,
			);
			defaultConfigurationIsVisible = 0;
			defaultConfigurationName = Release;
		};
/* End XCConfigurationList section */
	};
	rootObject = A1B2C3D4E5F6A1B2C3D40400 /* Project object */;
}
